U2FsdGVkX1/jU74oE3PERRiRZCkaLmQLP4vTVyxOE2lBDU//KnzSDMpreutpFi+X
G2xWjymSmlvaGFGqnv4mzyAM58s0V7CDpMzWQd6/9a+JKxt4C0BtHRxu8WgYEuJ5
6L+eDD2r4PzegdTcV53PNIQnFWAjmqLfD2ssIP6MBU5aPj5O/Lhz65e+h77MmKIt
TL1cwz0wjZ1y3udfKuNrEq+13M12Pf4fjxkcsEHjNnavKVZq/bJZnieGOJ4fCWFb
fQAqx/gdXl49XMQeCs1z+4zcS6QFG6ghC6IXxvMvajL3juU6i4bfqBvX5Edaw10s
ZkKPVHfJzhdf8RxMRVN40AmEKx+yMLQGYFKbrmc7p6nomtpW91NN5vAIXMQLBCJc
6fg7S/E5r+RybKseHUJA7d1iW2Cj/PWfqZp/lPqWuTFcuL0vbLX6wIXbOxJJEclx
RE6cmAZHk+gDOJMad6lDPZsRVxEEGLjccVvXJLzVNIfzMglf4YAZdCGJU4wG15TN
rhYCS2DbJH6CLgtbib2obRLSIRjfZyV5AgcJkfFe5+/tPTArZLElR7hfEJszDTd+
fsPwUxtYxXVQEUU9Lzgs+UCWCSz5vAhlFPkJ/glEufOutpXZAasjXO6mKkioLp/H
Yi2MgZpuQpURhxYqxNeli/ZfUnIORlYSlb1cxYY3tci1kjC8i6OYobZF49NBWzqd
9xRWEx2GeIwJv7V5QLCKcSLIAwpihSytPT6ny+/HCYiX750hIVsYC3aO4ONxVnHh
43ujnrZ2oRVRhe0t+BNJBOia2lb3U03m8AhcxAsEIlzxFcvQkf6wrkEJOAZp25l0
MEyrfC+aUpX54twpcXO41HdWUmc8vWCp384jEDYbbOHTkBk76IlesGjdeml+OM76
R43aNsQiQz1yoCP4LVu2Qg/CXvPGk9QX6uVwgnVN4Z595/rHJoiyShIAR2+cnlmw
bnMnwOr4EQ8nyzqblDXyi4m+u7YEV4B2KpJqp/2zMGt+w/BTG1jFdVARRT0vOCz5
bSIpLY8f+9v1CROEaAcoMo7wpbaqAW4KTAknKMqlxyW5dAnbj5eBYx/xW3czaPFH
AsE1dRNUj/ggrAsSR5ruYov1+Q582U7va+QgLo9tB8DCIPwEmcEIH7mRiByiCnKb
+atQJ4ZlY9iuAF5ctoY8ogOfJkKigMAX8nUFyk/sP1T3NP0vr/Y4gNBX7E1uGSGK
s1rZ3i+lHf6dj4AnTWBSD7ZR8SQ1ommQoS4pm3S1jDHMarnAvH5fOMGihZ0hXWec
REeTB/wqGibvvVrpqMas+ue0hSCvKVBHd6nwS6M+CivXtLp52IzxFny6Q0ofNePx
66yTOMd9eYWydbyJfav50lqKK9oUzG+5bZRt3rxthSis3pSnDrstiuowS7ImEYJ9
KXjiQUHGoSl71ezal890DyiSOdLGFAwPjfOMtcCNxbZWtx+Ayo95Td2oLVH/AACT
CPS2obZBUbNc6h24V9sPzu37e+olc93LjMQAnUKHGKQI9LahtkFRs1zqHbhX2w/O
qAH27knx/QtY3/3wMqDxRvx6I3Eizr09HmJhkujdqmpb7PCg3eEnpmi0tCYDg6A4
ClHI5NuYwqmervxSwiyL7J5RMLjvNLs/CkWu/GyDKSGRoIV5MPjtFgwgEZ3iNCEv
DK1xvRn2S5VB5WfTUj9XvPZyqNNZiVnx+wz8A4db2+lzLbc1HJBSZVjXCKRDoyi8
9l9Scg5GVhKVvVzFhje1yIa7rkML9uUuhL0gF9bBNi8ISItlXnG9lndZw6OAIWKC
hLh2LJywsf4SwfFqgfnmHp1XSsdAEm8GjQnT1YkcDCH6E2X06ZsvTC8e+tox5CS6
z0G+kj7uCGGXxqJoWOQ/QY06v93Xdr99JW9EdI+7iNzDCkTPXO3KJWwuwOs1ZhBs
JIV0sh9rhtfS+T6OKGv+nJHtjc6XscbaHIJYaHb9IHY=
